# THIS IS AN AUTOGENERATED FILE. DO NOT EDIT THIS FILE DIRECTLY.
# yarn lockfile v1


"@babel/runtime@^7.17.8":
  version "7.17.9"
  resolved "https://registry.yarnpkg.com/@babel/runtime/-/runtime-7.17.9.tgz#d19fbf802d01a8cb6cf053a64e472d42c434ba72"
  integrity sha512-lSiBBvodq29uShpWGNbgFdKYNiFDo5/HIYsaCEY9ff4sb10x9jizo2+pRrSyF4jKZCXqgzuqBOQKbUm90gQwJg==
  dependencies:
    regenerator-runtime "^0.13.4"

"@storybook/addon-actions@^7.6.17":
  version "7.6.17"
  resolved "https://registry.yarnpkg.com/@storybook/addon-actions/-/addon-actions-7.6.17.tgz#b1be5ab28b22b4a50c6aa0cd0a3671ca5b6f5f71"
  integrity sha512-TBphs4v6LRfyTpFo/WINF0TkMaE3rrNog7wW5mbz6n0j8o53kDN4o9ZEcygSL5zQX43CAaghQTeDCss7ueG7ZQ==
  dependencies:
    "@storybook/core-events" "7.6.17"
    "@storybook/global" "^5.0.0"
    "@types/uuid" "^9.0.1"
    dequal "^2.0.2"
    polished "^4.2.2"
    uuid "^9.0.0"

"@storybook/core-events@7.6.17":
  version "7.6.17"
  resolved "https://registry.yarnpkg.com/@storybook/core-events/-/core-events-7.6.17.tgz#9e1a795558193089fb227cfe2cf768c99418a640"
  integrity sha512-AriWMCm/k1cxlv10f+jZ1wavThTRpLaN3kY019kHWbYT9XgaSuLU67G7GPr3cGnJ6HuA6uhbzu8qtqVCd6OfXA==
  dependencies:
    ts-dedent "^2.0.0"

"@storybook/global@^5.0.0":
  version "5.0.0"
  resolved "https://registry.yarnpkg.com/@storybook/global/-/global-5.0.0.tgz#b793d34b94f572c1d7d9e0f44fac4e0dbc9572ed"
  integrity sha512-FcOqPAXACP0I3oJ/ws6/rrPT9WGhu915Cg8D02a9YxLo0DE9zI+a9A5gRGvmQ09fiWPukqI8ZAEoQEdWUKMQdQ==

"@types/uuid@^9.0.1":
  version "9.0.8"
  resolved "https://registry.yarnpkg.com/@types/uuid/-/uuid-9.0.8.tgz#7545ba4fc3c003d6c756f651f3bf163d8f0f29ba"
  integrity sha512-jg+97EGIcY9AGHJJRaaPVgetKDsrTgbRjQ5Msgjh/DQKEFl0DtyRr/VCOyD1T2R1MNeWPK/u7JoGhlDZnKBAfA==

dequal@^2.0.2:
  version "2.0.3"
  resolved "https://registry.yarnpkg.com/dequal/-/dequal-2.0.3.tgz#2644214f1997d39ed0ee0ece72335490a7ac67be"
  integrity sha512-0je+qPKHEMohvfRTCEo3CrPG6cAzAYgmzKyxRiYSSDkS6eGJdyVJm7WaYA5ECaAD9wLB2T4EEeymA5aFVcYXCA==

polished@^4.2.2:
  version "4.3.1"
  resolved "https://registry.yarnpkg.com/polished/-/polished-4.3.1.tgz#5a00ae32715609f83d89f6f31d0f0261c6170548"
  integrity sha512-OBatVyC/N7SCW/FaDHrSd+vn0o5cS855TOmYi4OkdWUMSJCET/xip//ch8xGUvtr3i44X9LVyWwQlRMTN3pwSA==
  dependencies:
    "@babel/runtime" "^7.17.8"

regenerator-runtime@^0.13.4:
  version "0.13.9"
  resolved "https://registry.yarnpkg.com/regenerator-runtime/-/regenerator-runtime-0.13.9.tgz#8925742a98ffd90814988d7566ad30ca3b263b52"
  integrity sha512-p3VT+cOEgxFsRRA9X4lkI1E+k2/CtnKtU4gcxyaCUreilL/vqI6CdZ3wxVUx3UOUg+gnUOQQcRI7BmSI656MYA==

ts-dedent@^2.0.0:
  version "2.2.0"
  resolved "https://registry.yarnpkg.com/ts-dedent/-/ts-dedent-2.2.0.tgz#39e4bd297cd036292ae2394eb3412be63f563bb5"
  integrity sha512-q5W7tVM71e2xjHZTlgfTDoPF/SmqKG5hddq9SzR49CH2hayqRKJtQ4mtRlSxKaJlR/+9rEM+mnBHf7I2/BQcpQ==

uuid@^9.0.0:
  version "9.0.1"
  resolved "https://registry.yarnpkg.com/uuid/-/uuid-9.0.1.tgz#e188d4c8853cc722220392c424cd637f32293f30"
  integrity sha512-b+1eJOlsR9K8HJpow9Ok3fiWOWSIcIzXodvv0rQjVoOVNpWMpxf1wZNpt4y9h10odCNrqnYp1OBzRktckBe3sA==
